<Solution>
  <Folder Name="/Services/">
    <File Path="AutenticacionService.cs" />
    <File Path="CarritoService.cs" />
    <File Path="DashboardService.cs" />
    <File Path="ProductoService.cs" />
    <File Path="UsuarioService.cs" />
  </Folder>
  <Project Path="FerreAppLaVarilla.UI.csproj" />
</Solution>
